
Microsoft Visual Studio Solution File, Format Version 12.00
# Visual Studio 14
VisualStudioVersion = 14.0.25420.1
MinimumVisualStudioVersion = 10.0.40219.1
Project("{FAE04EC0-301F-11D3-BF4B-00C04F79EFBC}") = "PME Manager Premium", "PME Manager Premium\PME Manager Premium.csproj", "{BCAE4CE2-06E9-46B6-B4D8-30C54026CCFB}"
EndProject
Global
	GlobalSection(SolutionConfigurationPlatforms) = preSolution
		Debug|Any CPU = Debug|Any CPU
		Release|Any CPU = Release|Any CPU
	EndGlobalSection
	GlobalSection(ProjectConfigurationPlatforms) = postSolution
		{BCAE4CE2-06E9-46B6-B4D8-30C54026CCFB}.Debug|Any CPU.ActiveCfg = Debug|Any CPU
		{BCAE4CE2-06E9-46B6-B4D8-30C54026CCFB}.Debug|Any CPU.Build.0 = Debug|Any CPU
		{BCAE4CE2-06E9-46B6-B4D8-30C54026CCFB}.Release|Any CPU.ActiveCfg = Release|Any CPU
		{BCAE4CE2-06E9-46B6-B4D8-30C54026CCFB}.Release|Any CPU.Build.0 = Release|Any CPU
	EndGlobalSection
	GlobalSection(SolutionProperties) = preSolution
		HideSolutionNode = FALSE
	EndGlobalSection
EndGlobal
